{
  "name": "discord-banner-updater",
  "version": "1.0.0",
  "lockfileVersion": 2,
  "dependencies": {
    "node-fetch": {
      "version": "3.3.2",
      "resolved": "https://registry.npmjs.org/node-fetch/-/node-fetch-3.3.2.tgz",
      "integrity": "sha512-dRB78srN/l6gqWulah9SrxeYnxeddIG30+GOqK/9OlLVyLg3HPnr6SqOWTWOXKRwC2eGYCkZ59NNuSgvSrpgOA==",
      "engines": {
        "node": ">= 12.11.0"
      }
    },
    "discord.js": {
      "version": "14.15.3",
      "resolved": "https://registry.npmjs.org/discord.js/-/discord.js-14.15.3.tgz",
      "integrity": "sha512-...",
      "engines": {
        "node": ">= 16.9.0"
      }
    }
  }
}
