{
  "name": "discord-banner-updater",
  "version": "1.0.0",
  "lockfileVersion": 2,
  "dependencies": {
    "discord.js": {
      "version": "14.15.3",
      "resolved": "https://registry.npmjs.org/discord.js/-/discord.js-14.15.3.tgz",
      "integrity": "sha512-Rv2/YWXyU2wUoxKfUksdUEXJZP7DPTk5i9u0ADatTHF7fcyWz1zCnUbh+o/XbnQk5UOCzY8BcyZw7ej73T+Rew==",
      "engines": {
        "node": ">=16.6.0"
      }
    },
    "node-fetch": {
      "version": "3.3.2",
      "resolved": "https://registry.npmjs.org/node-fetch/-/node-fetch-3.3.2.tgz",
      "integrity": "sha512-LXhVh/PEo+MtWpjH7uB+73hHjoO2AKpM6UqWlv6q7htWe4W+Xj9Grc9ZY9FBMMtLw2+6Ib+xZXQvPZoTZWYg==",
      "engines": {
        "node": ">= 16.0.0"
      }
    }
  },
  "engines": {
    "node": ">=16.0.0"
  }
}
